PODS:
  - GSKStretchyHeaderView (1.0.0)
  - INTUAnimationEngine (1.4.2):
    - INTUAnimationEngine/SpringSolver (= 1.4.2)
  - INTUAnimationEngine/SpringSolver (1.4.2)
  - JWGCircleCounter (0.2.2)
  - "NSAttributedString+CCLFormat (1.2.0)"
  - RSKImageCropper (2.2.0)
  - "UIColor+Hex (1.0.1)":
    - "UIColor+Hex/NSColor (= 1.0.1)"
    - "UIColor+Hex/UIColor (= 1.0.1)"
  - "UIColor+Hex/UIColor (1.0.1)"
  - VUIComponents (0.4.6):
    - GSKStretchyHeaderView (= 1.0.0)
    - INTUAnimationEngine
    - JWGCircleCounter
    - "NSAttributedString+CCLFormat"
    - RSKImageCropper
    - "UIColor+Hex"
    - WYPopoverController (~> 0.3.9)
  - WYPopoverController (0.3.9)

DEPENDENCIES:
  - VUIComponents (from `../`)

SPEC REPOS:
  https://github.com/cocoapods/specs.git:
    - GSKStretchyHeaderView
    - INTUAnimationEngine
    - JWGCircleCounter
    - "NSAttributedString+CCLFormat"
    - RSKImageCropper
    - "UIColor+Hex"
    - WYPopoverController

EXTERNAL SOURCES:
  VUIComponents:
    :path: "../"

SPEC CHECKSUMS:
  GSKStretchyHeaderView: daba8f035eaade6326d05ee2a382be714bb019c0
  INTUAnimationEngine: 3a7d63738cd51af573d16848a771feedea7cc9f2
  JWGCircleCounter: 89e25c3d5e9eb41cf666a795427712bb5e52a1a1
  "NSAttributedString+CCLFormat": 46d1e36b72b7ab0e093323705188818b21ba9763
  RSKImageCropper: bd0bdf765b27c046c89728d65075b363a3b665c2
  "UIColor+Hex": 9fee91bb8e19f17dd40a79ae1e98949a6a84489d
  VUIComponents: c1a9dcc714d6bd1d7d6766cf04e760af21ddc79f
  WYPopoverController: a9db25ac2841a686acdc0f3a99bdb21545db32f4

PODFILE CHECKSUM: 569668706fabd44c87d515d31b929f111a60e96e

COCOAPODS: 1.5.3
